# This file is autogenerated, do not edit; changes may be undone by the next 'dep ensure'.


[[projects]]
  name = "github.com/gdamore/encoding"
  packages = ["."]
  revision = "6289cdc94c00ac4aa177771c5fce7af2f96b626d"
  version = "v1.0.0"

[[projects]]
  name = "github.com/gdamore/tcell"
  packages = [".","terminfo","terminfo/a/adm3a","terminfo/a/aixterm","terminfo/a/alacritty","terminfo/a/ansi","terminfo/a/aterm","terminfo/b/beterm","terminfo/b/bsdos_pc","terminfo/base","terminfo/c/cygwin","terminfo/d/d200","terminfo/d/d210","terminfo/d/dtterm","terminfo/dynamic","terminfo/e/emacs","terminfo/e/eterm","terminfo/extended","terminfo/g/gnome","terminfo/h/hpterm","terminfo/h/hz1500","terminfo/k/konsole","terminfo/k/kterm","terminfo/l/linux","terminfo/p/pcansi","terminfo/r/rxvt","terminfo/s/screen","terminfo/s/simpleterm","terminfo/s/sun","terminfo/t/termite","terminfo/t/tvi910","terminfo/t/tvi912","terminfo/t/tvi921","terminfo/t/tvi925","terminfo/t/tvi950","terminfo/t/tvi970","terminfo/v/vt100","terminfo/v/vt102","terminfo/v/vt220","terminfo/v/vt320","terminfo/v/vt400","terminfo/v/vt420","terminfo/v/vt52","terminfo/w/wy50","terminfo/w/wy60","terminfo/w/wy99_ansi","terminfo/x/xfce","terminfo/x/xnuppc","terminfo/x/xterm","terminfo/x/xterm_kitty"]
  revision = "4d152cc2622d491e1b0a034c3211b9df28c0ba2d"
  version = "v1.3.0"

[[projects]]
  name = "github.com/lucasb-eyer/go-colorful"
  packages = ["."]
  revision = "fadcb7c7fa1e47844a23f5ebea95219172166a56"
  version = "v1.0.3"

[[projects]]
  name = "github.com/mattn/go-runewidth"
  packages = ["."]
  revision = "14e809f6d78fcf9f48ff9b70981472b64c05f754"
  version = "v0.0.9"

[[projects]]
  branch = "master"
  name = "github.com/rivo/tview"
  packages = ["."]
  revision = "8e06c826b3a513204a61e9a89a52e1226f1a03ac"

[[projects]]
  name = "github.com/rivo/uniseg"
  packages = ["."]
  revision = "f8f8f751c732fdcd5e158c13c28f8863ad80e9a5"
  version = "v0.1.0"

[[projects]]
  branch = "master"
  name = "golang.org/x/sys"
  packages = ["unix"]
  revision = "593003d681fa6bf81a6affb4ef4129684af97f9c"

[[projects]]
  name = "golang.org/x/text"
  packages = ["encoding","encoding/internal/identifier","internal/gen","transform","unicode/cldr"]
  revision = "342b2e1fbaa52c93f31447ad2c6abc048c63e475"
  version = "v0.3.2"

[solve-meta]
  analyzer-name = "dep"
  analyzer-version = 1
  inputs-digest = "613721abd49573ef03d3aea031637a5a3690a895307551f092d105ea6e6235c0"
  solver-name = "gps-cdcl"
  solver-version = 1
